
Microsoft Visual Studio Solution File, Format Version 12.00
# Visual Studio 14
VisualStudioVersion = 14.0.25420.1
MinimumVisualStudioVersion = 10.0.40219.1
Project("{FAE04EC0-301F-11D3-BF4B-00C04F79EFBC}") = "Scrum2", "Scrum2\Scrum2.csproj", "{3283B090-4E85-4048-9664-3ED92F0B5492}"
EndProject
Project("{FAE04EC0-301F-11D3-BF4B-00C04F79EFBC}") = "Datalayer", "Datalayer\Datalayer.csproj", "{4087088E-07DA-44CD-A518-2357DCAD9992}"
EndProject
Global
	GlobalSection(SolutionConfigurationPlatforms) = preSolution
		Debug|Any CPU = Debug|Any CPU
		Release|Any CPU = Release|Any CPU
	EndGlobalSection
	GlobalSection(ProjectConfigurationPlatforms) = postSolution
		{3283B090-4E85-4048-9664-3ED92F0B5492}.Debug|Any CPU.ActiveCfg = Debug|Any CPU
		{3283B090-4E85-4048-9664-3ED92F0B5492}.Debug|Any CPU.Build.0 = Debug|Any CPU
		{3283B090-4E85-4048-9664-3ED92F0B5492}.Release|Any CPU.ActiveCfg = Release|Any CPU
		{3283B090-4E85-4048-9664-3ED92F0B5492}.Release|Any CPU.Build.0 = Release|Any CPU
		{4087088E-07DA-44CD-A518-2357DCAD9992}.Debug|Any CPU.ActiveCfg = Debug|Any CPU
		{4087088E-07DA-44CD-A518-2357DCAD9992}.Debug|Any CPU.Build.0 = Debug|Any CPU
		{4087088E-07DA-44CD-A518-2357DCAD9992}.Release|Any CPU.ActiveCfg = Release|Any CPU
		{4087088E-07DA-44CD-A518-2357DCAD9992}.Release|Any CPU.Build.0 = Release|Any CPU
	EndGlobalSection
	GlobalSection(SolutionProperties) = preSolution
		HideSolutionNode = FALSE
	EndGlobalSection
EndGlobal
